// !$*UTF8*$!
{
	archiveVersion = 1;
	classes = {
	};
	objectVersion = 46;
	objects = {

/* Begin PBXBuildFile section */
		22054E1E1BD38F7100C066F8 /* LaunchScreen.m in Sources */ = {isa = PBXBuildFile; fileRef = 22054E1D1BD38F7100C066F8 /* LaunchScreen.m */; };
		22419A2A1BD383BE00235CBD /* main.m in Sources */ = {isa = PBXBuildFile; fileRef = 22419A291BD383BE00235CBD /* main.m */; };
		22419A2D1BD383BE00235CBD /* AppDelegate.m in Sources */ = {isa = PBXBuildFile; fileRef = 22419A2C1BD383BE00235CBD /* AppDelegate.m */; };
		22419A301BD383BE00235CBD /* ViewController.m in Sources */ = {isa = PBXBuildFile; fileRef = 22419A2F1BD383BE00235CBD /* ViewController.m */; };
		22419A331BD383BE00235CBD /* Main.storyboard in Resources */ = {isa = PBXBuildFile; fileRef = 22419A311BD383BE00235CBD /* Main.storyboard */; };
		22419A351BD383BE00235CBD /* Images.xcassets in Resources */ = {isa = PBXBuildFile; fileRef = 22419A341BD383BE00235CBD /* Images.xcassets */; };
		22419A381BD383BE00235CBD /* LaunchScreen.xib in Resources */ = {isa = PBXBuildFile; fileRef = 22419A361BD383BE00235CBD /* LaunchScreen.xib */; };
		22419A441BD383BE00235CBD /* ibook1_0Tests.m in Sources */ = {isa = PBXBuildFile; fileRef = 22419A431BD383BE00235CBD /* ibook1_0Tests.m */; };
		22419A5A1BD384FC00235CBD /* NavOneController.m in Sources */ = {isa = PBXBuildFile; fileRef = 22419A531BD384FC00235CBD /* NavOneController.m */; };
		22419A5B1BD384FC00235CBD /* NavParentController.m in Sources */ = {isa = PBXBuildFile; fileRef = 22419A551BD384FC00235CBD /* NavParentController.m */; };
		22419A5C1BD384FC00235CBD /* NavThreeController.m in Sources */ = {isa = PBXBuildFile; fileRef = 22419A571BD384FC00235CBD /* NavThreeController.m */; };
		22419A5D1BD384FC00235CBD /* NavTwoController.m in Sources */ = {isa = PBXBuildFile; fileRef = 22419A591BD384FC00235CBD /* NavTwoController.m */; };
		22419A651BD3852300235CBD /* tabbar_discover.png in Resources */ = {isa = PBXBuildFile; fileRef = 22419A5F1BD3852300235CBD /* tabbar_discover.png */; };
		22419A661BD3852300235CBD /* tabbar_discover_highlighted.png in Resources */ = {isa = PBXBuildFile; fileRef = 22419A601BD3852300235CBD /* tabbar_discover_highlighted.png */; };
		22419A671BD3852300235CBD /* tab_bg.png in Resources */ = {isa = PBXBuildFile; fileRef = 22419A611BD3852300235CBD /* tab_bg.png */; };
		22419A681BD3852300235CBD /* tab_bg_pressed.png in Resources */ = {isa = PBXBuildFile; fileRef = 22419A621BD3852300235CBD /* tab_bg_pressed.png */; };
		22419A691BD3852300235CBD /* nav_bg.png in Resources */ = {isa = PBXBuildFile; fileRef = 22419A631BD3852300235CBD /* nav_bg.png */; };
		22419A6A1BD3852300235CBD /* ToggleMenu.png in Resources */ = {isa = PBXBuildFile; fileRef = 22419A641BD3852300235CBD /* ToggleMenu.png */; };
		22419A6E1BD3854100235CBD /* DHSlideMenuController.m in Sources */ = {isa = PBXBuildFile; fileRef = 22419A6D1BD3854100235CBD /* DHSlideMenuController.m */; };
		22419A741BD3855B00235CBD /* DHTabBarViewController.m in Sources */ = {isa = PBXBuildFile; fileRef = 22419A711BD3855B00235CBD /* DHTabBarViewController.m */; };
		22419A751BD3855B00235CBD /* ParentCellViewController.m in Sources */ = {isa = PBXBuildFile; fileRef = 22419A731BD3855B00235CBD /* ParentCellViewController.m */; };
		22419A7D1BD3858000235CBD /* DHLandscapeMenuScrollView.m in Sources */ = {isa = PBXBuildFile; fileRef = 22419A781BD3858000235CBD /* DHLandscapeMenuScrollView.m */; };
		22419A7E1BD3858000235CBD /* DHLandscapeTableView.m in Sources */ = {isa = PBXBuildFile; fileRef = 22419A7A1BD3858000235CBD /* DHLandscapeTableView.m */; };
		22419A7F1BD3858000235CBD /* DHMenuPagerViewController.m in Sources */ = {isa = PBXBuildFile; fileRef = 22419A7C1BD3858000235CBD /* DHMenuPagerViewController.m */; };
		22419AAB1BD3881B00235CBD /* avatar_default.png in Resources */ = {isa = PBXBuildFile; fileRef = 22419A821BD3881B00235CBD /* avatar_default.png */; };
		22419AAC1BD3881B00235CBD /* avatar_default_add.png in Resources */ = {isa = PBXBuildFile; fileRef = 22419A831BD3881B00235CBD /* avatar_default_add.png */; };
		22419AAD1BD3881B00235CBD /* avatar_me.png in Resources */ = {isa = PBXBuildFile; fileRef = 22419A841BD3881B00235CBD /* avatar_me.png */; };
		22419AAE1BD3881B00235CBD /* avatar_user_icon.png in Resources */ = {isa = PBXBuildFile; fileRef = 22419A851BD3881B00235CBD /* avatar_user_icon.png */; };
		22419AAF1BD3881B00235CBD /* bg_bottom.png in Resources */ = {isa = PBXBuildFile; fileRef = 22419A861BD3881B00235CBD /* bg_bottom.png */; };
		22419AB01BD3881B00235CBD /* bg_guide_bottom.png in Resources */ = {isa = PBXBuildFile; fileRef = 22419A871BD3881B00235CBD /* bg_guide_bottom.png */; };
		22419AB11BD3881B00235CBD /* card_img.jpg in Resources */ = {isa = PBXBuildFile; fileRef = 22419A881BD3881B00235CBD /* card_img.jpg */; };
		22419AB21BD3881B00235CBD /* divider.png in Resources */ = {isa = PBXBuildFile; fileRef = 22419A891BD3881B00235CBD /* divider.png */; };
		22419AB31BD3881B00235CBD /* ic_about.png in Resources */ = {isa = PBXBuildFile; fileRef = 22419A8A1BD3881B00235CBD /* ic_about.png */; };
		22419AB41BD3881B00235CBD /* ic_apply_aty.png in Resources */ = {isa = PBXBuildFile; fileRef = 22419A8B1BD3881B00235CBD /* ic_apply_aty.png */; };
		22419AB51BD3881B00235CBD /* ic_aty_apply.png in Resources */ = {isa = PBXBuildFile; fileRef = 22419A8C1BD3881B00235CBD /* ic_aty_apply.png */; };
		22419AB61BD3881B00235CBD /* ic_aty_end.png in Resources */ = {isa = PBXBuildFile; fileRef = 22419A8D1BD3881B00235CBD /* ic_aty_end.png */; };
		22419AB71BD3881B00235CBD /* ic_aty_publish.png in Resources */ = {isa = PBXBuildFile; fileRef = 22419A8E1BD3881B00235CBD /* ic_aty_publish.png */; };
		22419AB81BD3881B00235CBD /* ic_cancel.png in Resources */ = {isa = PBXBuildFile; fileRef = 22419A8F1BD3881B00235CBD /* ic_cancel.png */; };
		22419AB91BD3881B00235CBD /* ic_commit_normal.png in Resources */ = {isa = PBXBuildFile; fileRef = 22419A901BD3881B00235CBD /* ic_commit_normal.png */; };
		22419ABA1BD3881B00235CBD /* ic_edit.png in Resources */ = {isa = PBXBuildFile; fileRef = 22419A911BD3881B00235CBD /* ic_edit.png */; };
		22419ABB1BD3881B00235CBD /* ic_end_aty.png in Resources */ = {isa = PBXBuildFile; fileRef = 22419A921BD3881B00235CBD /* ic_end_aty.png */; };
		22419ABC1BD3881B00235CBD /* ic_exit.png in Resources */ = {isa = PBXBuildFile; fileRef = 22419A931BD3881B00235CBD /* ic_exit.png */; };
		22419ABD1BD3881B00235CBD /* ic_launcher.png in Resources */ = {isa = PBXBuildFile; fileRef = 22419A941BD3881B00235CBD /* ic_launcher.png */; };
		22419ABE1BD3881B00235CBD /* ic_left.png in Resources */ = {isa = PBXBuildFile; fileRef = 22419A951BD3881B00235CBD /* ic_left.png */; };
		22419ABF1BD3881B00235CBD /* ic_location.png in Resources */ = {isa = PBXBuildFile; fileRef = 22419A961BD3881B00235CBD /* ic_location.png */; };
		22419AC01BD3881B00235CBD /* ic_logo.png in Resources */ = {isa = PBXBuildFile; fileRef = 22419A971BD3881B00235CBD /* ic_logo.png */; };
		22419AC11BD3881B00235CBD /* ic_menu.png in Resources */ = {isa = PBXBuildFile; fileRef = 22419A981BD3881B00235CBD /* ic_menu.png */; };
		22419AC21BD3881B00235CBD /* ic_ok.png in Resources */ = {isa = PBXBuildFile; fileRef = 22419A991BD3881B00235CBD /* ic_ok.png */; };
		22419AC31BD3881B00235CBD /* ic_send_aty.png in Resources */ = {isa = PBXBuildFile; fileRef = 22419A9A1BD3881B00235CBD /* ic_send_aty.png */; };
		22419AC41BD3881B00235CBD /* ic_send_normal.png in Resources */ = {isa = PBXBuildFile; fileRef = 22419A9B1BD3881B00235CBD /* ic_send_normal.png */; };
		22419AC51BD3881B00235CBD /* ic_send_press.png in Resources */ = {isa = PBXBuildFile; fileRef = 22419A9C1BD3881B00235CBD /* ic_send_press.png */; };
		22419AC61BD3881B00235CBD /* ic_send_white.png in Resources */ = {isa = PBXBuildFile; fileRef = 22419A9D1BD3881B00235CBD /* ic_send_white.png */; };
		22419AC71BD3881B00235CBD /* ic_setting.png in Resources */ = {isa = PBXBuildFile; fileRef = 22419A9E1BD3881B00235CBD /* ic_setting.png */; };
		22419AC81BD3881B00235CBD /* ic_span_list.png in Resources */ = {isa = PBXBuildFile; fileRef = 22419A9F1BD3881B00235CBD /* ic_span_list.png */; };
		22419AC91BD3881B00235CBD /* img_change_book.jpg in Resources */ = {isa = PBXBuildFile; fileRef = 22419AA01BD3881B00235CBD /* img_change_book.jpg */; };
		22419ACA1BD3881B00235CBD /* img_find_friend.jpg in Resources */ = {isa = PBXBuildFile; fileRef = 22419AA11BD3881B00235CBD /* img_find_friend.jpg */; };
		22419ACB1BD3881B00235CBD /* img_read.jpg in Resources */ = {isa = PBXBuildFile; fileRef = 22419AA21BD3881B00235CBD /* img_read.jpg */; };
		22419ACC1BD3881B00235CBD /* img_request_book.jpg in Resources */ = {isa = PBXBuildFile; fileRef = 22419AA31BD3881B00235CBD /* img_request_book.jpg */; };
		22419ACD1BD3881B00235CBD /* img_request_lesson.jpg in Resources */ = {isa = PBXBuildFile; fileRef = 22419AA41BD3881B00235CBD /* img_request_lesson.jpg */; };
		22419ACE1BD3881B00235CBD /* img_study.jpg in Resources */ = {isa = PBXBuildFile; fileRef = 22419AA51BD3881B00235CBD /* img_study.jpg */; };
		22419ACF1BD3881B00235CBD /* left_bg_.png in Resources */ = {isa = PBXBuildFile; fileRef = 22419AA61BD3881B00235CBD /* left_bg_.png */; };
		22419AD01BD3881B00235CBD /* logo_login.png in Resources */ = {isa = PBXBuildFile; fileRef = 22419AA71BD3881B00235CBD /* logo_login.png */; };
		22419AD11BD3881B00235CBD /* main_nav_bg.png in Resources */ = {isa = PBXBuildFile; fileRef = 22419AA81BD3881B00235CBD /* main_nav_bg.png */; };
		22419AD21BD3881B00235CBD /* nav_bg.png in Resources */ = {isa = PBXBuildFile; fileRef = 22419AA91BD3881B00235CBD /* nav_bg.png */; };
		22419AD31BD3881B00235CBD /* user_icon.png in Resources */ = {isa = PBXBuildFile; fileRef = 22419AAA1BD3881B00235CBD /* user_icon.png */; };
		226D38B81BD52B090019B4AB /* UIImage+MJ.m in Sources */ = {isa = PBXBuildFile; fileRef = 226D38B71BD52B090019B4AB /* UIImage+MJ.m */; };
		22938CFD1BD489E400A58B9C /* NotLoginVC.m in Sources */ = {isa = PBXBuildFile; fileRef = 22938CFB1BD489E400A58B9C /* NotLoginVC.m */; };
		22938CFE1BD489E400A58B9C /* NotLoginVC.xib in Resources */ = {isa = PBXBuildFile; fileRef = 22938CFC1BD489E400A58B9C /* NotLoginVC.xib */; };
		22938D021BD48AFE00A58B9C /* HaveLoginVC.m in Sources */ = {isa = PBXBuildFile; fileRef = 22938D001BD48AFE00A58B9C /* HaveLoginVC.m */; };
		22938D031BD48AFE00A58B9C /* HaveLoginVC.xib in Resources */ = {isa = PBXBuildFile; fileRef = 22938D011BD48AFE00A58B9C /* HaveLoginVC.xib */; };
		22938D441BD48D0E00A58B9C /* MBProgressHUD+MJ.m in Sources */ = {isa = PBXBuildFile; fileRef = 22938D121BD48D0E00A58B9C /* MBProgressHUD+MJ.m */; };
		22938D451BD48D0E00A58B9C /* MBProgressHUD.bundle in Resources */ = {isa = PBXBuildFile; fileRef = 22938D131BD48D0E00A58B9C /* MBProgressHUD.bundle */; };
		22938D461BD48D0E00A58B9C /* MBProgressHUD.m in Sources */ = {isa = PBXBuildFile; fileRef = 22938D151BD48D0E00A58B9C /* MBProgressHUD.m */; };
		22938D5D1BD4935800A58B9C /* registeredVC.m in Sources */ = {isa = PBXBuildFile; fileRef = 22938D5B1BD4935800A58B9C /* registeredVC.m */; };
		22938D5E1BD4935800A58B9C /* registeredVC.xib in Resources */ = {isa = PBXBuildFile; fileRef = 22938D5C1BD4935800A58B9C /* registeredVC.xib */; };
		229C596E1BD47A2F005BDB8A /* UIImage+Extension.m in Sources */ = {isa = PBXBuildFile; fileRef = 229C596D1BD47A2F005BDB8A /* UIImage+Extension.m */; };
		229D61B21BD9EFD0002654AE /* iBookUser.m in Sources */ = {isa = PBXBuildFile; fileRef = 229D61B11BD9EFD0002654AE /* iBookUser.m */; };
		22A867D21BD73BAA0085AACB /* schools.plist in Resources */ = {isa = PBXBuildFile; fileRef = 22A867D11BD73BAA0085AACB /* schools.plist */; };
		22AA88921BDC682F00FAD31F /* MKAnnotationView+WebCache.m in Sources */ = {isa = PBXBuildFile; fileRef = 22AA88721BDC682F00FAD31F /* MKAnnotationView+WebCache.m */; };
		22AA88931BDC682F00FAD31F /* NSData+ImageContentType.m in Sources */ = {isa = PBXBuildFile; fileRef = 22AA88741BDC682F00FAD31F /* NSData+ImageContentType.m */; };
		22AA88941BDC682F00FAD31F /* SDImageCache.m in Sources */ = {isa = PBXBuildFile; fileRef = 22AA88761BDC682F00FAD31F /* SDImageCache.m */; };
		22AA88951BDC682F00FAD31F /* SDWebImageCompat.m in Sources */ = {isa = PBXBuildFile; fileRef = 22AA88781BDC682F00FAD31F /* SDWebImageCompat.m */; };
		22AA88961BDC682F00FAD31F /* SDWebImageDecoder.m in Sources */ = {isa = PBXBuildFile; fileRef = 22AA887A1BDC682F00FAD31F /* SDWebImageDecoder.m */; };
		22AA88971BDC682F00FAD31F /* SDWebImageDownloader.m in Sources */ = {isa = PBXBuildFile; fileRef = 22AA887C1BDC682F00FAD31F /* SDWebImageDownloader.m */; };
		22AA88981BDC682F00FAD31F /* SDWebImageDownloaderOperation.m in Sources */ = {isa = PBXBuildFile; fileRef = 22AA887E1BDC682F00FAD31F /* SDWebImageDownloaderOperation.m */; };
		22AA88991BDC682F00FAD31F /* SDWebImageManager.m in Sources */ = {isa = PBXBuildFile; fileRef = 22AA88801BDC682F00FAD31F /* SDWebImageManager.m */; };
		22AA889A1BDC682F00FAD31F /* SDWebImagePrefetcher.m in Sources */ = {isa = PBXBuildFile; fileRef = 22AA88831BDC682F00FAD31F /* SDWebImagePrefetcher.m */; };
		22AA889B1BDC682F00FAD31F /* UIButton+WebCache.m in Sources */ = {isa = PBXBuildFile; fileRef = 22AA88851BDC682F00FAD31F /* UIButton+WebCache.m */; };
		22AA889C1BDC682F00FAD31F /* UIImage+GIF.m in Sources */ = {isa = PBXBuildFile; fileRef = 22AA88871BDC682F00FAD31F /* UIImage+GIF.m */; };
		22AA889D1BDC682F00FAD31F /* UIImage+MultiFormat.m in Sources */ = {isa = PBXBuildFile; fileRef = 22AA88891BDC682F00FAD31F /* UIImage+MultiFormat.m */; };
		22AA889E1BDC682F00FAD31F /* UIImage+WebP.m in Sources */ = {isa = PBXBuildFile; fileRef = 22AA888B1BDC682F00FAD31F /* UIImage+WebP.m */; };
		22AA889F1BDC682F00FAD31F /* UIImageView+HighlightedWebCache.m in Sources */ = {isa = PBXBuildFile; fileRef = 22AA888D1BDC682F00FAD31F /* UIImageView+HighlightedWebCache.m */; };
		22AA88A01BDC682F00FAD31F /* UIImageView+WebCache.m in Sources */ = {isa = PBXBuildFile; fileRef = 22AA888F1BDC682F00FAD31F /* UIImageView+WebCache.m */; };
		22AA88A11BDC682F00FAD31F /* UIView+WebCacheOperation.m in Sources */ = {isa = PBXBuildFile; fileRef = 22AA88911BDC682F00FAD31F /* UIView+WebCacheOperation.m */; };
		22AA88AA1BDC809400FAD31F /* PersonDataVC.m in Sources */ = {isa = PBXBuildFile; fileRef = 22AA88A81BDC809400FAD31F /* PersonDataVC.m */; };
		22AA88AB1BDC809400FAD31F /* PersonDataVC.xib in Resources */ = {isa = PBXBuildFile; fileRef = 22AA88A91BDC809400FAD31F /* PersonDataVC.xib */; };
		22E5F8331BD50C49003120BC /* registerView1.xib in Resources */ = {isa = PBXBuildFile; fileRef = 22E5F8321BD50C49003120BC /* registerView1.xib */; };
		22E5F8361BD50CBA003120BC /* registerView1.m in Sources */ = {isa = PBXBuildFile; fileRef = 22E5F8351BD50CBA003120BC /* registerView1.m */; };
		22E5F8391BD50CD0003120BC /* registerView2.m in Sources */ = {isa = PBXBuildFile; fileRef = 22E5F8381BD50CD0003120BC /* registerView2.m */; };
		22E5F83C1BD50CDC003120BC /* registerView3.m in Sources */ = {isa = PBXBuildFile; fileRef = 22E5F83B1BD50CDC003120BC /* registerView3.m */; };
		22E5F83E1BD50CF1003120BC /* registerView2.xib in Resources */ = {isa = PBXBuildFile; fileRef = 22E5F83D1BD50CF1003120BC /* registerView2.xib */; };
		22E5F8401BD50CFB003120BC /* registerView3.xib in Resources */ = {isa = PBXBuildFile; fileRef = 22E5F83F1BD50CFB003120BC /* registerView3.xib */; };
		C3AE38269535EB25CFA7C81E /* libPods.a in Frameworks */ = {isa = PBXBuildFile; fileRef = 1FD6325AB4BE56CB7F4D104A /* libPods.a */; };
/* End PBXBuildFile section */

/* Begin PBXContainerItemProxy section */
		22419A3E1BD383BE00235CBD /* PBXContainerItemProxy */ = {
			isa = PBXContainerItemProxy;
			containerPortal = 22419A1C1BD383BE00235CBD /* Project object */;
			proxyType = 1;
			remoteGlobalIDString = 22419A231BD383BE00235CBD;
			remoteInfo = ibook1.0;
		};
/* End PBXContainerItemProxy section */

/* Begin PBXFileReference section */
		1AC1E3E8376C32B7CC6855C9 /* Pods.release.xcconfig */ = {isa = PBXFileReference; includeInIndex = 1; lastKnownFileType = text.xcconfig; name = Pods.release.xcconfig; path = "Pods/Target Support Files/Pods/Pods.release.xcconfig"; sourceTree = "<group>"; };
		1FD6325AB4BE56CB7F4D104A /* libPods.a */ = {isa = PBXFileReference; explicitFileType = archive.ar; includeInIndex = 0; path = libPods.a; sourceTree = BUILT_PRODUCTS_DIR; };
		22054E1C1BD38F7100C066F8 /* LaunchScreen.h */ = {isa = PBXFileReference; fileEncoding = 4; lastKnownFileType = sourcecode.c.h; path = LaunchScreen.h; sourceTree = "<group>"; };
		22054E1D1BD38F7100C066F8 /* LaunchScreen.m */ = {isa = PBXFileReference; fileEncoding = 4; lastKnownFileType = sourcecode.c.objc; path = LaunchScreen.m; sourceTree = "<group>"; };
		22054E1F1BD3924E00C066F8 /* ibook-Prefix.pch */ = {isa = PBXFileReference; lastKnownFileType = sourcecode.c.h; path = "ibook-Prefix.pch"; sourceTree = "<group>"; };
		22054E201BD3970600C066F8 /* commonhead.h */ = {isa = PBXFileReference; lastKnownFileType = sourcecode.c.h; path = commonhead.h; sourceTree = "<group>"; };
		22419A241BD383BE00235CBD /* ibook1.0.app */ = {isa = PBXFileReference; explicitFileType = wrapper.application; includeInIndex = 0; path = ibook1.0.app; sourceTree = BUILT_PRODUCTS_DIR; };
		22419A281BD383BE00235CBD /* Info.plist */ = {isa = PBXFileReference; lastKnownFileType = text.plist.xml; path = Info.plist; sourceTree = "<group>"; };
		22419A291BD383BE00235CBD /* main.m */ = {isa = PBXFileReference; lastKnownFileType = sourcecode.c.objc; path = main.m; sourceTree = "<group>"; };
		22419A2B1BD383BE00235CBD /* AppDelegate.h */ = {isa = PBXFileReference; lastKnownFileType = sourcecode.c.h; path = AppDelegate.h; sourceTree = "<group>"; };
		22419A2C1BD383BE00235CBD /* AppDelegate.m */ = {isa = PBXFileReference; lastKnownFileType = sourcecode.c.objc; path = AppDelegate.m; sourceTree = "<group>"; };
		22419A2E1BD383BE00235CBD /* ViewController.h */ = {isa = PBXFileReference; lastKnownFileType = sourcecode.c.h; path = ViewController.h; sourceTree = "<group>"; };
		22419A2F1BD383BE00235CBD /* ViewController.m */ = {isa = PBXFileReference; lastKnownFileType = sourcecode.c.objc; path = ViewController.m; sourceTree = "<group>"; };
		22419A321BD383BE00235CBD /* Base */ = {isa = PBXFileReference; lastKnownFileType = file.storyboard; name = Base; path = Base.lproj/Main.storyboard; sourceTree = "<group>"; };
		22419A341BD383BE00235CBD /* Images.xcassets */ = {isa = PBXFileReference; lastKnownFileType = folder.assetcatalog; path = Images.xcassets; sourceTree = "<group>"; };
		22419A371BD383BE00235CBD /* Base */ = {isa = PBXFileReference; lastKnownFileType = file.xib; name = Base; path = Base.lproj/LaunchScreen.xib; sourceTree = "<group>"; };
		22419A3D1BD383BE00235CBD /* ibook1.0Tests.xctest */ = {isa = PBXFileReference; explicitFileType = wrapper.cfbundle; includeInIndex = 0; path = ibook1.0Tests.xctest; sourceTree = BUILT_PRODUCTS_DIR; };
		22419A421BD383BE00235CBD /* Info.plist */ = {isa = PBXFileReference; lastKnownFileType = text.plist.xml; path = Info.plist; sourceTree = "<group>"; };
		22419A431BD383BE00235CBD /* ibook1_0Tests.m */ = {isa = PBXFileReference; lastKnownFileType = sourcecode.c.objc; path = ibook1_0Tests.m; sourceTree = "<group>"; };
		22419A521BD384FC00235CBD /* NavOneController.h */ = {isa = PBXFileReference; fileEncoding = 4; lastKnownFileType = sourcecode.c.h; path = NavOneController.h; sourceTree = "<group>"; };
		22419A531BD384FC00235CBD /* NavOneController.m */ = {isa = PBXFileReference; fileEncoding = 4; lastKnownFileType = sourcecode.c.objc; path = NavOneController.m; sourceTree = "<group>"; };
		22419A541BD384FC00235CBD /* NavParentController.h */ = {isa = PBXFileReference; fileEncoding = 4; lastKnownFileType = sourcecode.c.h; path = NavParentController.h; sourceTree = "<group>"; };
		22419A551BD384FC00235CBD /* NavParentController.m */ = {isa = PBXFileReference; fileEncoding = 4; lastKnownFileType = sourcecode.c.objc; path = NavParentController.m; sourceTree = "<group>"; };
		22419A561BD384FC00235CBD /* NavThreeController.h */ = {isa = PBXFileReference; fileEncoding = 4; lastKnownFileType = sourcecode.c.h; path = NavThreeController.h; sourceTree = "<group>"; };
		22419A571BD384FC00235CBD /* NavThreeController.m */ = {isa = PBXFileReference; fileEncoding = 4; lastKnownFileType = sourcecode.c.objc; path = NavThreeController.m; sourceTree = "<group>"; };
		22419A581BD384FC00235CBD /* NavTwoController.h */ = {isa = PBXFileReference; fileEncoding = 4; lastKnownFileType = sourcecode.c.h; path = NavTwoController.h; sourceTree = "<group>"; };
		22419A591BD384FC00235CBD /* NavTwoController.m */ = {isa = PBXFileReference; fileEncoding = 4; lastKnownFileType = sourcecode.c.objc; path = NavTwoController.m; sourceTree = "<group>"; };
		22419A5F1BD3852300235CBD /* tabbar_discover.png */ = {isa = PBXFileReference; lastKnownFileType = image.png; path = tabbar_discover.png; sourceTree = "<group>"; };
		22419A601BD3852300235CBD /* tabbar_discover_highlighted.png */ = {isa = PBXFileReference; lastKnownFileType = image.png; path = tabbar_discover_highlighted.png; sourceTree = "<group>"; };
		22419A611BD3852300235CBD /* tab_bg.png */ = {isa = PBXFileReference; lastKnownFileType = image.png; path = tab_bg.png; sourceTree = "<group>"; };
		22419A621BD3852300235CBD /* tab_bg_pressed.png */ = {isa = PBXFileReference; lastKnownFileType = image.png; path = tab_bg_pressed.png; sourceTree = "<group>"; };
		22419A631BD3852300235CBD /* nav_bg.png */ = {isa = PBXFileReference; lastKnownFileType = image.png; path = nav_bg.png; sourceTree = "<group>"; };
		22419A641BD3852300235CBD /* ToggleMenu.png */ = {isa = PBXFileReference; lastKnownFileType = image.png; path = ToggleMenu.png; sourceTree = "<group>"; };
		22419A6C1BD3854100235CBD /* DHSlideMenuController.h */ = {isa = PBXFileReference; fileEncoding = 4; lastKnownFileType = sourcecode.c.h; path = DHSlideMenuController.h; sourceTree = "<group>"; };
		22419A6D1BD3854100235CBD /* DHSlideMenuController.m */ = {isa = PBXFileReference; fileEncoding = 4; lastKnownFileType = sourcecode.c.objc; path = DHSlideMenuController.m; sourceTree = "<group>"; };
		22419A701BD3855B00235CBD /* DHTabBarViewController.h */ = {isa = PBXFileReference; fileEncoding = 4; lastKnownFileType = sourcecode.c.h; path = DHTabBarViewController.h; sourceTree = "<group>"; };
		22419A711BD3855B00235CBD /* DHTabBarViewController.m */ = {isa = PBXFileReference; fileEncoding = 4; lastKnownFileType = sourcecode.c.objc; path = DHTabBarViewController.m; sourceTree = "<group>"; };
		22419A721BD3855B00235CBD /* ParentCellViewController.h */ = {isa = PBXFileReference; fileEncoding = 4; lastKnownFileType = sourcecode.c.h; path = ParentCellViewController.h; sourceTree = "<group>"; };
		22419A731BD3855B00235CBD /* ParentCellViewController.m */ = {isa = PBXFileReference; fileEncoding = 4; lastKnownFileType = sourcecode.c.objc; path = ParentCellViewController.m; sourceTree = "<group>"; };
		22419A771BD3858000235CBD /* DHLandscapeMenuScrollView.h */ = {isa = PBXFileReference; fileEncoding = 4; lastKnownFileType = sourcecode.c.h; path = DHLandscapeMenuScrollView.h; sourceTree = "<group>"; };
		22419A781BD3858000235CBD /* DHLandscapeMenuScrollView.m */ = {isa = PBXFileReference; fileEncoding = 4; lastKnownFileType = sourcecode.c.objc; path = DHLandscapeMenuScrollView.m; sourceTree = "<group>"; };
		22419A791BD3858000235CBD /* DHLandscapeTableView.h */ = {isa = PBXFileReference; fileEncoding = 4; lastKnownFileType = sourcecode.c.h; path = DHLandscapeTableView.h; sourceTree = "<group>"; };
		22419A7A1BD3858000235CBD /* DHLandscapeTableView.m */ = {isa = PBXFileReference; fileEncoding = 4; lastKnownFileType = sourcecode.c.objc; path = DHLandscapeTableView.m; sourceTree = "<group>"; };
		22419A7B1BD3858000235CBD /* DHMenuPagerViewController.h */ = {isa = PBXFileReference; fileEncoding = 4; lastKnownFileType = sourcecode.c.h; path = DHMenuPagerViewController.h; sourceTree = "<group>"; };
		22419A7C1BD3858000235CBD /* DHMenuPagerViewController.m */ = {isa = PBXFileReference; fileEncoding = 4; lastKnownFileType = sourcecode.c.objc; path = DHMenuPagerViewController.m; sourceTree = "<group>"; };
		22419A821BD3881B00235CBD /* avatar_default.png */ = {isa = PBXFileReference; lastKnownFileType = image.png; path = avatar_default.png; sourceTree = "<group>"; };
		22419A831BD3881B00235CBD /* avatar_default_add.png */ = {isa = PBXFileReference; lastKnownFileType = image.png; path = avatar_default_add.png; sourceTree = "<group>"; };
		22419A841BD3881B00235CBD /* avatar_me.png */ = {isa = PBXFileReference; lastKnownFileType = image.png; path = avatar_me.png; sourceTree = "<group>"; };
		22419A851BD3881B00235CBD /* avatar_user_icon.png */ = {isa = PBXFileReference; lastKnownFileType = image.png; path = avatar_user_icon.png; sourceTree = "<group>"; };
		22419A861BD3881B00235CBD /* bg_bottom.png */ = {isa = PBXFileReference; lastKnownFileType = image.png; path = bg_bottom.png; sourceTree = "<group>"; };
		22419A871BD3881B00235CBD /* bg_guide_bottom.png */ = {isa = PBXFileReference; lastKnownFileType = image.png; path = bg_guide_bottom.png; sourceTree = "<group>"; };
		22419A881BD3881B00235CBD /* card_img.jpg */ = {isa = PBXFileReference; lastKnownFileType = image.jpeg; path = card_img.jpg; sourceTree = "<group>"; };
		22419A891BD3881B00235CBD /* divider.png */ = {isa = PBXFileReference; lastKnownFileType = image.png; path = divider.png; sourceTree = "<group>"; };
		22419A8A1BD3881B00235CBD /* ic_about.png */ = {isa = PBXFileReference; lastKnownFileType = image.png; path = ic_about.png; sourceTree = "<group>"; };
		22419A8B1BD3881B00235CBD /* ic_apply_aty.png */ = {isa = PBXFileReference; lastKnownFileType = image.png; path = ic_apply_aty.png; sourceTree = "<group>"; };
		22419A8C1BD3881B00235CBD /* ic_aty_apply.png */ = {isa = PBXFileReference; lastKnownFileType = image.png; path = ic_aty_apply.png; sourceTree = "<group>"; };
		22419A8D1BD3881B00235CBD /* ic_aty_end.png */ = {isa = PBXFileReference; lastKnownFileType = image.png; path = ic_aty_end.png; sourceTree = "<group>"; };
		22419A8E1BD3881B00235CBD /* ic_aty_publish.png */ = {isa = PBXFileReference; lastKnownFileType = image.png; path = ic_aty_publish.png; sourceTree = "<group>"; };
		22419A8F1BD3881B00235CBD /* ic_cancel.png */ = {isa = PBXFileReference; lastKnownFileType = image.png; path = ic_cancel.png; sourceTree = "<group>"; };
		22419A901BD3881B00235CBD /* ic_commit_normal.png */ = {isa = PBXFileReference; lastKnownFileType = image.png; path = ic_commit_normal.png; sourceTree = "<group>"; };
		22419A911BD3881B00235CBD /* ic_edit.png */ = {isa = PBXFileReference; lastKnownFileType = image.png; path = ic_edit.png; sourceTree = "<group>"; };
		22419A921BD3881B00235CBD /* ic_end_aty.png */ = {isa = PBXFileReference; lastKnownFileType = image.png; path = ic_end_aty.png; sourceTree = "<group>"; };
		22419A931BD3881B00235CBD /* ic_exit.png */ = {isa = PBXFileReference; lastKnownFileType = image.png; path = ic_exit.png; sourceTree = "<group>"; };
		22419A941BD3881B00235CBD /* ic_launcher.png */ = {isa = PBXFileReference; lastKnownFileType = image.png; path = ic_launcher.png; sourceTree = "<group>"; };
		22419A951BD3881B00235CBD /* ic_left.png */ = {isa = PBXFileReference; lastKnownFileType = image.png; path = ic_left.png; sourceTree = "<group>"; };
		22419A961BD3881B00235CBD /* ic_location.png */ = {isa = PBXFileReference; lastKnownFileType = image.png; path = ic_location.png; sourceTree = "<group>"; };
		22419A971BD3881B00235CBD /* ic_logo.png */ = {isa = PBXFileReference; lastKnownFileType = image.png; path = ic_logo.png; sourceTree = "<group>"; };
		22419A981BD3881B00235CBD /* ic_menu.png */ = {isa = PBXFileReference; lastKnownFileType = image.png; path = ic_menu.png; sourceTree = "<group>"; };
		22419A991BD3881B00235CBD /* ic_ok.png */ = {isa = PBXFileReference; lastKnownFileType = image.png; path = ic_ok.png; sourceTree = "<group>"; };
		22419A9A1BD3881B00235CBD /* ic_send_aty.png */ = {isa = PBXFileReference; lastKnownFileType = image.png; path = ic_send_aty.png; sourceTree = "<group>"; };
		22419A9B1BD3881B00235CBD /* ic_send_normal.png */ = {isa = PBXFileReference; lastKnownFileType = image.png; path = ic_send_normal.png; sourceTree = "<group>"; };
		22419A9C1BD3881B00235CBD /* ic_send_press.png */ = {isa = PBXFileReference; lastKnownFileType = image.png; path = ic_send_press.png; sourceTree = "<group>"; };
		22419A9D1BD3881B00235CBD /* ic_send_white.png */ = {isa = PBXFileReference; lastKnownFileType = image.png; path = ic_send_white.png; sourceTree = "<group>"; };
		22419A9E1BD3881B00235CBD /* ic_setting.png */ = {isa = PBXFileReference; lastKnownFileType = image.png; path = ic_setting.png; sourceTree = "<group>"; };
		22419A9F1BD3881B00235CBD /* ic_span_list.png */ = {isa = PBXFileReference; lastKnownFileType = image.png; path = ic_span_list.png; sourceTree = "<group>"; };
		22419AA01BD3881B00235CBD /* img_change_book.jpg */ = {isa = PBXFileReference; lastKnownFileType = image.jpeg; path = img_change_book.jpg; sourceTree = "<group>"; };
		22419AA11BD3881B00235CBD /* img_find_friend.jpg */ = {isa = PBXFileReference; lastKnownFileType = image.jpeg; path = img_find_friend.jpg; sourceTree = "<group>"; };
		22419AA21BD3881B00235CBD /* img_read.jpg */ = {isa = PBXFileReference; lastKnownFileType = image.jpeg; path = img_read.jpg; sourceTree = "<group>"; };
		22419AA31BD3881B00235CBD /* img_request_book.jpg */ = {isa = PBXFileReference; lastKnownFileType = image.jpeg; path = img_request_book.jpg; sourceTree = "<group>"; };
		22419AA41BD3881B00235CBD /* img_request_lesson.jpg */ = {isa = PBXFileReference; lastKnownFileType = image.jpeg; path = img_request_lesson.jpg; sourceTree = "<group>"; };
		22419AA51BD3881B00235CBD /* img_study.jpg */ = {isa = PBXFileReference; lastKnownFileType = image.jpeg; path = img_study.jpg; sourceTree = "<group>"; };
		22419AA61BD3881B00235CBD /* left_bg_.png */ = {isa = PBXFileReference; lastKnownFileType = image.png; path = left_bg_.png; sourceTree = "<group>"; };
		22419AA71BD3881B00235CBD /* logo_login.png */ = {isa = PBXFileReference; lastKnownFileType = image.png; path = logo_login.png; sourceTree = "<group>"; };
		22419AA81BD3881B00235CBD /* main_nav_bg.png */ = {isa = PBXFileReference; lastKnownFileType = image.png; path = main_nav_bg.png; sourceTree = "<group>"; };
		22419AA91BD3881B00235CBD /* nav_bg.png */ = {isa = PBXFileReference; lastKnownFileType = image.png; path = nav_bg.png; sourceTree = "<group>"; };
		22419AAA1BD3881B00235CBD /* user_icon.png */ = {isa = PBXFileReference; lastKnownFileType = image.png; path = user_icon.png; sourceTree = "<group>"; };
		226D38B61BD52B090019B4AB /* UIImage+MJ.h */ = {isa = PBXFileReference; fileEncoding = 4; lastKnownFileType = sourcecode.c.h; path = "UIImage+MJ.h"; sourceTree = "<group>"; };
		226D38B71BD52B090019B4AB /* UIImage+MJ.m */ = {isa = PBXFileReference; fileEncoding = 4; lastKnownFileType = sourcecode.c.objc; path = "UIImage+MJ.m"; sourceTree = "<group>"; };
		22938CFA1BD489E400A58B9C /* NotLoginVC.h */ = {isa = PBXFileReference; fileEncoding = 4; lastKnownFileType = sourcecode.c.h; path = NotLoginVC.h; sourceTree = "<group>"; };
		22938CFB1BD489E400A58B9C /* NotLoginVC.m */ = {isa = PBXFileReference; fileEncoding = 4; lastKnownFileType = sourcecode.c.objc; path = NotLoginVC.m; sourceTree = "<group>"; };
		22938CFC1BD489E400A58B9C /* NotLoginVC.xib */ = {isa = PBXFileReference; fileEncoding = 4; lastKnownFileType = file.xib; path = NotLoginVC.xib; sourceTree = "<group>"; };
		22938CFF1BD48AFD00A58B9C /* HaveLoginVC.h */ = {isa = PBXFileReference; fileEncoding = 4; lastKnownFileType = sourcecode.c.h; path = HaveLoginVC.h; sourceTree = "<group>"; };
		22938D001BD48AFE00A58B9C /* HaveLoginVC.m */ = {isa = PBXFileReference; fileEncoding = 4; lastKnownFileType = sourcecode.c.objc; path = HaveLoginVC.m; sourceTree = "<group>"; };
		22938D011BD48AFE00A58B9C /* HaveLoginVC.xib */ = {isa = PBXFileReference; fileEncoding = 4; lastKnownFileType = file.xib; path = HaveLoginVC.xib; sourceTree = "<group>"; };
		22938D111BD48D0E00A58B9C /* MBProgressHUD+MJ.h */ = {isa = PBXFileReference; fileEncoding = 4; lastKnownFileType = sourcecode.c.h; path = "MBProgressHUD+MJ.h"; sourceTree = "<group>"; };
		22938D121BD48D0E00A58B9C /* MBProgressHUD+MJ.m */ = {isa = PBXFileReference; fileEncoding = 4; lastKnownFileType = sourcecode.c.objc; path = "MBProgressHUD+MJ.m"; sourceTree = "<group>"; };
		22938D131BD48D0E00A58B9C /* MBProgressHUD.bundle */ = {isa = PBXFileReference; lastKnownFileType = "wrapper.plug-in"; path = MBProgressHUD.bundle; sourceTree = "<group>"; };
		22938D141BD48D0E00A58B9C /* MBProgressHUD.h */ = {isa = PBXFileReference; fileEncoding = 4; lastKnownFileType = sourcecode.c.h; path = MBProgressHUD.h; sourceTree = "<group>"; };
		22938D151BD48D0E00A58B9C /* MBProgressHUD.m */ = {isa = PBXFileReference; fileEncoding = 4; lastKnownFileType = sourcecode.c.objc; path = MBProgressHUD.m; sourceTree = "<group>"; };
		22938D5A1BD4935800A58B9C /* registeredVC.h */ = {isa = PBXFileReference; fileEncoding = 4; lastKnownFileType = sourcecode.c.h; path = registeredVC.h; sourceTree = "<group>"; };
		22938D5B1BD4935800A58B9C /* registeredVC.m */ = {isa = PBXFileReference; fileEncoding = 4; lastKnownFileType = sourcecode.c.objc; path = registeredVC.m; sourceTree = "<group>"; };
		22938D5C1BD4935800A58B9C /* registeredVC.xib */ = {isa = PBXFileReference; fileEncoding = 4; lastKnownFileType = file.xib; path = registeredVC.xib; sourceTree = "<group>"; };
		229C596C1BD47A2F005BDB8A /* UIImage+Extension.h */ = {isa = PBXFileReference; fileEncoding = 4; lastKnownFileType = sourcecode.c.h; path = "UIImage+Extension.h"; sourceTree = "<group>"; };
		229C596D1BD47A2F005BDB8A /* UIImage+Extension.m */ = {isa = PBXFileReference; fileEncoding = 4; lastKnownFileType = sourcecode.c.objc; path = "UIImage+Extension.m"; sourceTree = "<group>"; };
		229D61B01BD9EFD0002654AE /* iBookUser.h */ = {isa = PBXFileReference; fileEncoding = 4; lastKnownFileType = sourcecode.c.h; path = iBookUser.h; sourceTree = "<group>"; };
		229D61B11BD9EFD0002654AE /* iBookUser.m */ = {isa = PBXFileReference; fileEncoding = 4; lastKnownFileType = sourcecode.c.objc; path = iBookUser.m; sourceTree = "<group>"; };
		22A867D11BD73BAA0085AACB /* schools.plist */ = {isa = PBXFileReference; fileEncoding = 4; lastKnownFileType = text.plist.xml; path = schools.plist; sourceTree = "<group>"; };
		22AA88711BDC682F00FAD31F /* MKAnnotationView+WebCache.h */ = {isa = PBXFileReference; fileEncoding = 4; lastKnownFileType = sourcecode.c.h; path = "MKAnnotationView+WebCache.h"; sourceTree = "<group>"; };
		22AA88721BDC682F00FAD31F /* MKAnnotationView+WebCache.m */ = {isa = PBXFileReference; fileEncoding = 4; lastKnownFileType = sourcecode.c.objc; path = "MKAnnotationView+WebCache.m"; sourceTree = "<group>"; };
		22AA88731BDC682F00FAD31F /* NSData+ImageContentType.h */ = {isa = PBXFileReference; fileEncoding = 4; lastKnownFileType = sourcecode.c.h; path = "NSData+ImageContentType.h"; sourceTree = "<group>"; };
		22AA88741BDC682F00FAD31F /* NSData+ImageContentType.m */ = {isa = PBXFileReference; fileEncoding = 4; lastKnownFileType = sourcecode.c.objc; path = "NSData+ImageContentType.m"; sourceTree = "<group>"; };
		22AA88751BDC682F00FAD31F /* SDImageCache.h */ = {isa = PBXFileReference; fileEncoding = 4; lastKnownFileType = sourcecode.c.h; path = SDImageCache.h; sourceTree = "<group>"; };
		22AA88761BDC682F00FAD31F /* SDImageCache.m */ = {isa = PBXFileReference; fileEncoding = 4; lastKnownFileType = sourcecode.c.objc; path = SDImageCache.m; sourceTree = "<group>"; };
		22AA88771BDC682F00FAD31F /* SDWebImageCompat.h */ = {isa = PBXFileReference; fileEncoding = 4; lastKnownFileType = sourcecode.c.h; path = SDWebImageCompat.h; sourceTree = "<group>"; };
		22AA88781BDC682F00FAD31F /* SDWebImageCompat.m */ = {isa = PBXFileReference; fileEncoding = 4; lastKnownFileType = sourcecode.c.objc; path = SDWebImageCompat.m; sourceTree = "<group>"; };
		22AA88791BDC682F00FAD31F /* SDWebImageDecoder.h */ = {isa = PBXFileReference; fileEncoding = 4; lastKnownFileType = sourcecode.c.h; path = SDWebImageDecoder.h; sourceTree = "<group>"; };
		22AA887A1BDC682F00FAD31F /* SDWebImageDecoder.m */ = {isa = PBXFileReference; fileEncoding = 4; lastKnownFileType = sourcecode.c.objc; path = SDWebImageDecoder.m; sourceTree = "<group>"; };
		22AA887B1BDC682F00FAD31F /* SDWebImageDownloader.h */ = {isa = PBXFileReference; fileEncoding = 4; lastKnownFileType = sourcecode.c.h; path = SDWebImageDownloader.h; sourceTree = "<group>"; };
		22AA887C1BDC682F00FAD31F /* SDWebImageDownloader.m */ = {isa = PBXFileReference; fileEncoding = 4; lastKnownFileType = sourcecode.c.objc; path = SDWebImageDownloader.m; sourceTree = "<group>"; };
		22AA887D1BDC682F00FAD31F /* SDWebImageDownloaderOperation.h */ = {isa = PBXFileReference; fileEncoding = 4; lastKnownFileType = sourcecode.c.h; path = SDWebImageDownloaderOperation.h; sourceTree = "<group>"; };
		22AA887E1BDC682F00FAD31F /* SDWebImageDownloaderOperation.m */ = {isa = PBXFileReference; fileEncoding = 4; lastKnownFileType = sourcecode.c.objc; path = SDWebImageDownloaderOperation.m; sourceTree = "<group>"; };
		22AA887F1BDC682F00FAD31F /* SDWebImageManager.h */ = {isa = PBXFileReference; fileEncoding = 4; lastKnownFileType = sourcecode.c.h; path = SDWebImageManager.h; sourceTree = "<group>"; };
		22AA88801BDC682F00FAD31F /* SDWebImageManager.m */ = {isa = PBXFileReference; fileEncoding = 4; lastKnownFileType = sourcecode.c.objc; path = SDWebImageManager.m; sourceTree = "<group>"; };
		22AA88811BDC682F00FAD31F /* SDWebImageOperation.h */ = {isa = PBXFileReference; fileEncoding = 4; lastKnownFileType = sourcecode.c.h; path = SDWebImageOperation.h; sourceTree = "<group>"; };
		22AA88821BDC682F00FAD31F /* SDWebImagePrefetcher.h */ = {isa = PBXFileReference; fileEncoding = 4; lastKnownFileType = sourcecode.c.h; path = SDWebImagePrefetcher.h; sourceTree = "<group>"; };
		22AA88831BDC682F00FAD31F /* SDWebImagePrefetcher.m */ = {isa = PBXFileReference; fileEncoding = 4; lastKnownFileType = sourcecode.c.objc; path = SDWebImagePrefetcher.m; sourceTree = "<group>"; };
		22AA88841BDC682F00FAD31F /* UIButton+WebCache.h */ = {isa = PBXFileReference; fileEncoding = 4; lastKnownFileType = sourcecode.c.h; path = "UIButton+WebCache.h"; sourceTree = "<group>"; };
		22AA88851BDC682F00FAD31F /* UIButton+WebCache.m */ = {isa = PBXFileReference; fileEncoding = 4; lastKnownFileType = sourcecode.c.objc; path = "UIButton+WebCache.m"; sourceTree = "<group>"; };
		22AA88861BDC682F00FAD31F /* UIImage+GIF.h */ = {isa = PBXFileReference; fileEncoding = 4; lastKnownFileType = sourcecode.c.h; path = "UIImage+GIF.h"; sourceTree = "<group>"; };
		22AA88871BDC682F00FAD31F /* UIImage+GIF.m */ = {isa = PBXFileReference; fileEncoding = 4; lastKnownFileType = sourcecode.c.objc; path = "UIImage+GIF.m"; sourceTree = "<group>"; };
		22AA88881BDC682F00FAD31F /* UIImage+MultiFormat.h */ = {isa = PBXFileReference; fileEncoding = 4; lastKnownFileType = sourcecode.c.h; path = "UIImage+MultiFormat.h"; sourceTree = "<group>"; };
		22AA88891BDC682F00FAD31F /* UIImage+MultiFormat.m */ = {isa = PBXFileReference; fileEncoding = 4; lastKnownFileType = sourcecode.c.objc; path = "UIImage+MultiFormat.m"; sourceTree = "<group>"; };
		22AA888A1BDC682F00FAD31F /* UIImage+WebP.h */ = {isa = PBXFileReference; fileEncoding = 4; lastKnownFileType = sourcecode.c.h; path = "UIImage+WebP.h"; sourceTree = "<group>"; };
		22AA888B1BDC682F00FAD31F /* UIImage+WebP.m */ = {isa = PBXFileReference; fileEncoding = 4; lastKnownFileType = sourcecode.c.objc; path = "UIImage+WebP.m"; sourceTree = "<group>"; };
		22AA888C1BDC682F00FAD31F /* UIImageView+HighlightedWebCache.h */ = {isa = PBXFileReference; fileEncoding = 4; lastKnownFileType = sourcecode.c.h; path = "UIImageView+HighlightedWebCache.h"; sourceTree = "<group>"; };
		22AA888D1BDC682F00FAD31F /* UIImageView+HighlightedWebCache.m */ = {isa = PBXFileReference; fileEncoding = 4; lastKnownFileType = sourcecode.c.objc; path = "UIImageView+HighlightedWebCache.m"; sourceTree = "<group>"; };
		22AA888E1BDC682F00FAD31F /* UIImageView+WebCache.h */ = {isa = PBXFileReference; fileEncoding = 4; lastKnownFileType = sourcecode.c.h; path = "UIImageView+WebCache.h"; sourceTree = "<group>"; };
		22AA888F1BDC682F00FAD31F /* UIImageView+WebCache.m */ = {isa = PBXFileReference; fileEncoding = 4; lastKnownFileType = sourcecode.c.objc; path = "UIImageView+WebCache.m"; sourceTree = "<group>"; };
		22AA88901BDC682F00FAD31F /* UIView+WebCacheOperation.h */ = {isa = PBXFileReference; fileEncoding = 4; lastKnownFileType = sourcecode.c.h; path = "UIView+WebCacheOperation.h"; sourceTree = "<group>"; };
		22AA88911BDC682F00FAD31F /* UIView+WebCacheOperation.m */ = {isa = PBXFileReference; fileEncoding = 4; lastKnownFileType = sourcecode.c.objc; path = "UIView+WebCacheOperation.m"; sourceTree = "<group>"; };
		22AA88A71BDC809400FAD31F /* PersonDataVC.h */ = {isa = PBXFileReference; fileEncoding = 4; lastKnownFileType = sourcecode.c.h; path = PersonDataVC.h; sourceTree = "<group>"; };
		22AA88A81BDC809400FAD31F /* PersonDataVC.m */ = {isa = PBXFileReference; fileEncoding = 4; lastKnownFileType = sourcecode.c.objc; path = PersonDataVC.m; sourceTree = "<group>"; };
		22AA88A91BDC809400FAD31F /* PersonDataVC.xib */ = {isa = PBXFileReference; fileEncoding = 4; lastKnownFileType = file.xib; path = PersonDataVC.xib; sourceTree = "<group>"; };
		22E5F8321BD50C49003120BC /* registerView1.xib */ = {isa = PBXFileReference; fileEncoding = 4; lastKnownFileType = file.xib; path = registerView1.xib; sourceTree = "<group>"; };
		22E5F8341BD50CBA003120BC /* registerView1.h */ = {isa = PBXFileReference; fileEncoding = 4; lastKnownFileType = sourcecode.c.h; path = registerView1.h; sourceTree = "<group>"; };
		22E5F8351BD50CBA003120BC /* registerView1.m */ = {isa = PBXFileReference; fileEncoding = 4; lastKnownFileType = sourcecode.c.objc; path = registerView1.m; sourceTree = "<group>"; };
		22E5F8371BD50CD0003120BC /* registerView2.h */ = {isa = PBXFileReference; fileEncoding = 4; lastKnownFileType = sourcecode.c.h; path = registerView2.h; sourceTree = "<group>"; };
		22E5F8381BD50CD0003120BC /* registerView2.m */ = {isa = PBXFileReference; fileEncoding = 4; lastKnownFileType = sourcecode.c.objc; path = registerView2.m; sourceTree = "<group>"; };
		22E5F83A1BD50CDC003120BC /* registerView3.h */ = {isa = PBXFileReference; fileEncoding = 4; lastKnownFileType = sourcecode.c.h; path = registerView3.h; sourceTree = "<group>"; };
		22E5F83B1BD50CDC003120BC /* registerView3.m */ = {isa = PBXFileReference; fileEncoding = 4; lastKnownFileType = sourcecode.c.objc; path = registerView3.m; sourceTree = "<group>"; };
		22E5F83D1BD50CF1003120BC /* registerView2.xib */ = {isa = PBXFileReference; fileEncoding = 4; lastKnownFileType = file.xib; path = registerView2.xib; sourceTree = "<group>"; };
		22E5F83F1BD50CFB003120BC /* registerView3.xib */ = {isa = PBXFileReference; fileEncoding = 4; lastKnownFileType = file.xib; path = registerView3.xib; sourceTree = "<group>"; };
		D7F465446011BFDE6D2DB034 /* Pods.debug.xcconfig */ = {isa = PBXFileReference; includeInIndex = 1; lastKnownFileType = text.xcconfig; name = Pods.debug.xcconfig; path = "Pods/Target Support Files/Pods/Pods.debug.xcconfig"; sourceTree = "<group>"; };
/* End PBXFileReference section */

/* Begin PBXFrameworksBuildPhase section */
		22419A211BD383BE00235CBD /* Frameworks */ = {
			isa = PBXFrameworksBuildPhase;
			buildActionMask = 2147483647;
			files = (
				C3AE38269535EB25CFA7C81E /* libPods.a in Frameworks */,
			);
			runOnlyForDeploymentPostprocessing = 0;
		};
		22419A3A1BD383BE00235CBD /* Frameworks */ = {
			isa = PBXFrameworksBuildPhase;
			buildActionMask = 2147483647;
			files = (
			);
			runOnlyForDeploymentPostprocessing = 0;
		};
/* End PBXFrameworksBuildPhase section */

/* Begin PBXGroup section */
		080C02B92887A3784A3DD388 /* Pods */ = {
			isa = PBXGroup;
			children = (
				D7F465446011BFDE6D2DB034 /* Pods.debug.xcconfig */,
				1AC1E3E8376C32B7CC6855C9 /* Pods.release.xcconfig */,
			);
			name = Pods;
			sourceTree = "<group>";
		};
		0F9CAC83B564D6E01A135DE1 /* Frameworks */ = {
			isa = PBXGroup;
			children = (
				1FD6325AB4BE56CB7F4D104A /* libPods.a */,
			);
			name = Frameworks;
			sourceTree = "<group>";
		};
		222E294C1BD488D800147A3C /* person(个人中心) */ = {
			isa = PBXGroup;
			children = (
				222E294F1BD488F600147A3C /* controller */,
				222E294E1BD488F100147A3C /* view */,
				222E294D1BD488E800147A3C /* model */,
			);
			name = "person(个人中心)";
			sourceTree = "<group>";
		};
		222E294D1BD488E800147A3C /* model */ = {
			isa = PBXGroup;
			children = (
				229D61B01BD9EFD0002654AE /* iBookUser.h */,
				229D61B11BD9EFD0002654AE /* iBookUser.m */,
			);
			name = model;
			sourceTree = "<group>";
		};
		222E294E1BD488F100147A3C /* view */ = {
			isa = PBXGroup;
			children = (
			);
			name = view;
			sourceTree = "<group>";
		};
		222E294F1BD488F600147A3C /* controller */ = {
			isa = PBXGroup;
			children = (
				22E5F8311BD50C12003120BC /* register(注册) */,
				22938CFA1BD489E400A58B9C /* NotLoginVC.h */,
				22938CFB1BD489E400A58B9C /* NotLoginVC.m */,
				22938CFC1BD489E400A58B9C /* NotLoginVC.xib */,
				22938CFF1BD48AFD00A58B9C /* HaveLoginVC.h */,
				22938D001BD48AFE00A58B9C /* HaveLoginVC.m */,
				22938D011BD48AFE00A58B9C /* HaveLoginVC.xib */,
				22AA88A71BDC809400FAD31F /* PersonDataVC.h */,
				22AA88A81BDC809400FAD31F /* PersonDataVC.m */,
				22AA88A91BDC809400FAD31F /* PersonDataVC.xib */,
			);
			name = controller;
			sourceTree = "<group>";
		};
		22419A1B1BD383BE00235CBD = {
			isa = PBXGroup;
			children = (
				22419A261BD383BE00235CBD /* ibook1.0 */,
				22419A401BD383BE00235CBD /* ibook1.0Tests */,
				22419A251BD383BE00235CBD /* Products */,
				080C02B92887A3784A3DD388 /* Pods */,
				0F9CAC83B564D6E01A135DE1 /* Frameworks */,
			);
			sourceTree = "<group>";
		};
		22419A251BD383BE00235CBD /* Products */ = {
			isa = PBXGroup;
			children = (
				22419A241BD383BE00235CBD /* ibook1.0.app */,
				22419A3D1BD383BE00235CBD /* ibook1.0Tests.xctest */,
			);
			name = Products;
			sourceTree = "<group>";
		};
		22419A261BD383BE00235CBD /* ibook1.0 */ = {
			isa = PBXGroup;
			children = (
				222E294C1BD488D800147A3C /* person(个人中心) */,
				22419A4D1BD383DC00235CBD /* common */,
			);
			path = ibook1.0;
			sourceTree = "<group>";
		};
		22419A271BD383BE00235CBD /* Supporting Files */ = {
			isa = PBXGroup;
			children = (
				22419A281BD383BE00235CBD /* Info.plist */,
				22419A291BD383BE00235CBD /* main.m */,
				22054E1F1BD3924E00C066F8 /* ibook-Prefix.pch */,
			);
			name = "Supporting Files";
			sourceTree = "<group>";
		};
		22419A401BD383BE00235CBD /* ibook1.0Tests */ = {
			isa = PBXGroup;
			children = (
				22419A431BD383BE00235CBD /* ibook1_0Tests.m */,
				22419A411BD383BE00235CBD /* Supporting Files */,
			);
			path = ibook1.0Tests;
			sourceTree = "<group>";
		};
		22419A411BD383BE00235CBD /* Supporting Files */ = {
			isa = PBXGroup;
			children = (
				22419A421BD383BE00235CBD /* Info.plist */,
			);
			name = "Supporting Files";
			sourceTree = "<group>";
		};
		22419A4D1BD383DC00235CBD /* common */ = {
			isa = PBXGroup;
			children = (
				229C596B1BD479FC005BDB8A /* catagory */,
				22419A811BD3881B00235CBD /* images */,
				22419A501BD3841D00235CBD /* other */,
				22419A4E1BD3840300235CBD /* lib */,
			);
			name = common;
			sourceTree = "<group>";
		};
		22419A4E1BD3840300235CBD /* lib */ = {
			isa = PBXGroup;
			children = (
				22AA88701BDC682F00FAD31F /* SDWebImage */,
				22938D101BD48D0E00A58B9C /* MBProgressHUD */,
				22419A4F1BD3841100235CBD /* slideview(主界面第三方库) */,
			);
			name = lib;
			sourceTree = "<group>";
		};
		22419A4F1BD3841100235CBD /* slideview(主界面第三方库) */ = {
			isa = PBXGroup;
			children = (
				22419A6F1BD3854B00235CBD /* DHTabBarPagerView */,
				22419A6B1BD3853400235CBD /* DHSlideMenuController */,
				22419A5E1BD3850C00235CBD /* Resources */,
				22419A511BD384D600235CBD /* EveryTabContent */,
			);
			name = "slideview(主界面第三方库)";
			sourceTree = "<group>";
		};
		22419A501BD3841D00235CBD /* other */ = {
			isa = PBXGroup;
			children = (
				22419A271BD383BE00235CBD /* Supporting Files */,
				22419A2B1BD383BE00235CBD /* AppDelegate.h */,
				22419A2C1BD383BE00235CBD /* AppDelegate.m */,
				22419A2E1BD383BE00235CBD /* ViewController.h */,
				22419A2F1BD383BE00235CBD /* ViewController.m */,
				22419A311BD383BE00235CBD /* Main.storyboard */,
				22419A341BD383BE00235CBD /* Images.xcassets */,
				22419A361BD383BE00235CBD /* LaunchScreen.xib */,
				22054E1C1BD38F7100C066F8 /* LaunchScreen.h */,
				22054E1D1BD38F7100C066F8 /* LaunchScreen.m */,
				22054E201BD3970600C066F8 /* commonhead.h */,
			);
			name = other;
			sourceTree = "<group>";
		};
		22419A511BD384D600235CBD /* EveryTabContent */ = {
			isa = PBXGroup;
			children = (
				22419A521BD384FC00235CBD /* NavOneController.h */,
				22419A531BD384FC00235CBD /* NavOneController.m */,
				22419A541BD384FC00235CBD /* NavParentController.h */,
				22419A551BD384FC00235CBD /* NavParentController.m */,
				22419A561BD384FC00235CBD /* NavThreeController.h */,
				22419A571BD384FC00235CBD /* NavThreeController.m */,
				22419A581BD384FC00235CBD /* NavTwoController.h */,
				22419A591BD384FC00235CBD /* NavTwoController.m */,
			);
			name = EveryTabContent;
			sourceTree = "<group>";
		};
		22419A5E1BD3850C00235CBD /* Resources */ = {
			isa = PBXGroup;
			children = (
				22419A5F1BD3852300235CBD /* tabbar_discover.png */,
				22419A601BD3852300235CBD /* tabbar_discover_highlighted.png */,
				22419A611BD3852300235CBD /* tab_bg.png */,
				22419A621BD3852300235CBD /* tab_bg_pressed.png */,
				22419A631BD3852300235CBD /* nav_bg.png */,
				22419A641BD3852300235CBD /* ToggleMenu.png */,
			);
			name = Resources;
			sourceTree = "<group>";
		};
		22419A6B1BD3853400235CBD /* DHSlideMenuController */ = {
			isa = PBXGroup;
			children = (
				22419A6C1BD3854100235CBD /* DHSlideMenuController.h */,
				22419A6D1BD3854100235CBD /* DHSlideMenuController.m */,
			);
			name = DHSlideMenuController;
			sourceTree = "<group>";
		};
		22419A6F1BD3854B00235CBD /* DHTabBarPagerView */ = {
			isa = PBXGroup;
			children = (
				22419A761BD3856F00235CBD /* DHMenuViewPagerView */,
				22419A701BD3855B00235CBD /* DHTabBarViewController.h */,
				22419A711BD3855B00235CBD /* DHTabBarViewController.m */,
				22419A721BD3855B00235CBD /* ParentCellViewController.h */,
				22419A731BD3855B00235CBD /* ParentCellViewController.m */,
			);
			name = DHTabBarPagerView;
			sourceTree = "<group>";
		};
		22419A761BD3856F00235CBD /* DHMenuViewPagerView */ = {
			isa = PBXGroup;
			children = (
				22419A771BD3858000235CBD /* DHLandscapeMenuScrollView.h */,
				22419A781BD3858000235CBD /* DHLandscapeMenuScrollView.m */,
				22419A791BD3858000235CBD /* DHLandscapeTableView.h */,
				22419A7A1BD3858000235CBD /* DHLandscapeTableView.m */,
				22419A7B1BD3858000235CBD /* DHMenuPagerViewController.h */,
				22419A7C1BD3858000235CBD /* DHMenuPagerViewController.m */,
			);
			name = DHMenuViewPagerView;
			sourceTree = "<group>";
		};
		22419A811BD3881B00235CBD /* images */ = {
			isa = PBXGroup;
			children = (
				22419A821BD3881B00235CBD /* avatar_default.png */,
				22419A831BD3881B00235CBD /* avatar_default_add.png */,
				22419A841BD3881B00235CBD /* avatar_me.png */,
				22419A851BD3881B00235CBD /* avatar_user_icon.png */,
				22419A861BD3881B00235CBD /* bg_bottom.png */,
				22419A871BD3881B00235CBD /* bg_guide_bottom.png */,
				22419A881BD3881B00235CBD /* card_img.jpg */,
				22419A891BD3881B00235CBD /* divider.png */,
				22419A8A1BD3881B00235CBD /* ic_about.png */,
				22419A8B1BD3881B00235CBD /* ic_apply_aty.png */,
				22419A8C1BD3881B00235CBD /* ic_aty_apply.png */,
				22419A8D1BD3881B00235CBD /* ic_aty_end.png */,
				22419A8E1BD3881B00235CBD /* ic_aty_publish.png */,
				22419A8F1BD3881B00235CBD /* ic_cancel.png */,
				22419A901BD3881B00235CBD /* ic_commit_normal.png */,
				22419A911BD3881B00235CBD /* ic_edit.png */,
				22419A921BD3881B00235CBD /* ic_end_aty.png */,
				22419A931BD3881B00235CBD /* ic_exit.png */,
				22419A941BD3881B00235CBD /* ic_launcher.png */,
				22419A951BD3881B00235CBD /* ic_left.png */,
				22419A961BD3881B00235CBD /* ic_location.png */,
				22419A971BD3881B00235CBD /* ic_logo.png */,
				22419A981BD3881B00235CBD /* ic_menu.png */,
				22419A991BD3881B00235CBD /* ic_ok.png */,
				22419A9A1BD3881B00235CBD /* ic_send_aty.png */,
				22419A9B1BD3881B00235CBD /* ic_send_normal.png */,
				22419A9C1BD3881B00235CBD /* ic_send_press.png */,
				22419A9D1BD3881B00235CBD /* ic_send_white.png */,
				22419A9E1BD3881B00235CBD /* ic_setting.png */,
				22419A9F1BD3881B00235CBD /* ic_span_list.png */,
				22419AA01BD3881B00235CBD /* img_change_book.jpg */,
				22419AA11BD3881B00235CBD /* img_find_friend.jpg */,
				22419AA21BD3881B00235CBD /* img_read.jpg */,
				22419AA31BD3881B00235CBD /* img_request_book.jpg */,
				22419AA41BD3881B00235CBD /* img_request_lesson.jpg */,
				22419AA51BD3881B00235CBD /* img_study.jpg */,
				22419AA61BD3881B00235CBD /* left_bg_.png */,
				22419AA71BD3881B00235CBD /* logo_login.png */,
				22419AA81BD3881B00235CBD /* main_nav_bg.png */,
				22419AA91BD3881B00235CBD /* nav_bg.png */,
				22419AAA1BD3881B00235CBD /* user_icon.png */,
			);
			path = images;
			sourceTree = "<group>";
		};
		22938D101BD48D0E00A58B9C /* MBProgressHUD */ = {
			isa = PBXGroup;
			children = (
				22938D111BD48D0E00A58B9C /* MBProgressHUD+MJ.h */,
				22938D121BD48D0E00A58B9C /* MBProgressHUD+MJ.m */,
				22938D131BD48D0E00A58B9C /* MBProgressHUD.bundle */,
				22938D141BD48D0E00A58B9C /* MBProgressHUD.h */,
				22938D151BD48D0E00A58B9C /* MBProgressHUD.m */,
			);
			path = MBProgressHUD;
			sourceTree = "<group>";
		};
		229C596B1BD479FC005BDB8A /* catagory */ = {
			isa = PBXGroup;
			children = (
				226D38B61BD52B090019B4AB /* UIImage+MJ.h */,
				226D38B71BD52B090019B4AB /* UIImage+MJ.m */,
				229C596C1BD47A2F005BDB8A /* UIImage+Extension.h */,
				229C596D1BD47A2F005BDB8A /* UIImage+Extension.m */,
			);
			name = catagory;
			sourceTree = "<group>";
		};
		22AA88701BDC682F00FAD31F /* SDWebImage */ = {
			isa = PBXGroup;
			children = (
				22AA88711BDC682F00FAD31F /* MKAnnotationView+WebCache.h */,
				22AA88721BDC682F00FAD31F /* MKAnnotationView+WebCache.m */,
				22AA88731BDC682F00FAD31F /* NSData+ImageContentType.h */,
				22AA88741BDC682F00FAD31F /* NSData+ImageContentType.m */,
				22AA88751BDC682F00FAD31F /* SDImageCache.h */,
				22AA88761BDC682F00FAD31F /* SDImageCache.m */,
				22AA88771BDC682F00FAD31F /* SDWebImageCompat.h */,
				22AA88781BDC682F00FAD31F /* SDWebImageCompat.m */,
				22AA88791BDC682F00FAD31F /* SDWebImageDecoder.h */,
				22AA887A1BDC682F00FAD31F /* SDWebImageDecoder.m */,
				22AA887B1BDC682F00FAD31F /* SDWebImageDownloader.h */,
				22AA887C1BDC682F00FAD31F /* SDWebImageDownloader.m */,
				22AA887D1BDC682F00FAD31F /* SDWebImageDownloaderOperation.h */,
				22AA887E1BDC682F00FAD31F /* SDWebImageDownloaderOperation.m */,
				22AA887F1BDC682F00FAD31F /* SDWebImageManager.h */,
				22AA88801BDC682F00FAD31F /* SDWebImageManager.m */,
				22AA88811BDC682F00FAD31F /* SDWebImageOperation.h */,
				22AA88821BDC682F00FAD31F /* SDWebImagePrefetcher.h */,
				22AA88831BDC682F00FAD31F /* SDWebImagePrefetcher.m */,
				22AA88841BDC682F00FAD31F /* UIButton+WebCache.h */,
				22AA88851BDC682F00FAD31F /* UIButton+WebCache.m */,
				22AA88861BDC682F00FAD31F /* UIImage+GIF.h */,
				22AA88871BDC682F00FAD31F /* UIImage+GIF.m */,
				22AA88881BDC682F00FAD31F /* UIImage+MultiFormat.h */,
				22AA88891BDC682F00FAD31F /* UIImage+MultiFormat.m */,
				22AA888A1BDC682F00FAD31F /* UIImage+WebP.h */,
				22AA888B1BDC682F00FAD31F /* UIImage+WebP.m */,
				22AA888C1BDC682F00FAD31F /* UIImageView+HighlightedWebCache.h */,
				22AA888D1BDC682F00FAD31F /* UIImageView+HighlightedWebCache.m */,
				22AA888E1BDC682F00FAD31F /* UIImageView+WebCache.h */,
				22AA888F1BDC682F00FAD31F /* UIImageView+WebCache.m */,
				22AA88901BDC682F00FAD31F /* UIView+WebCacheOperation.h */,
				22AA88911BDC682F00FAD31F /* UIView+WebCacheOperation.m */,
			);
			path = SDWebImage;
			sourceTree = "<group>";
		};
		22E5F8311BD50C12003120BC /* register(注册) */ = {
			isa = PBXGroup;
			children = (
				22A867D11BD73BAA0085AACB /* schools.plist */,
				22938D5A1BD4935800A58B9C /* registeredVC.h */,
				22938D5B1BD4935800A58B9C /* registeredVC.m */,
				22938D5C1BD4935800A58B9C /* registeredVC.xib */,
				22E5F8341BD50CBA003120BC /* registerView1.h */,
				22E5F8351BD50CBA003120BC /* registerView1.m */,
				22E5F8321BD50C49003120BC /* registerView1.xib */,
				22E5F8371BD50CD0003120BC /* registerView2.h */,
				22E5F8381BD50CD0003120BC /* registerView2.m */,
				22E5F83D1BD50CF1003120BC /* registerView2.xib */,
				22E5F83A1BD50CDC003120BC /* registerView3.h */,
				22E5F83B1BD50CDC003120BC /* registerView3.m */,
				22E5F83F1BD50CFB003120BC /* registerView3.xib */,
			);
			name = "register(注册)";
			sourceTree = "<group>";
		};
/* End PBXGroup section */

/* Begin PBXNativeTarget section */
		22419A231BD383BE00235CBD /* ibook1.0 */ = {
			isa = PBXNativeTarget;
			buildConfigurationList = 22419A471BD383BE00235CBD /* Build configuration list for PBXNativeTarget "ibook1.0" */;
			buildPhases = (
				FA16B03DA7CB342E79AF0919 /* Check Pods Manifest.lock */,
				22419A201BD383BE00235CBD /* Sources */,
				22419A211BD383BE00235CBD /* Frameworks */,
				22419A221BD383BE00235CBD /* Resources */,
				E69A1CCD7CD053604CBDCB27 /* Embed Pods Frameworks */,
				B604DCD8A242A4BBCD35AF06 /* Copy Pods Resources */,
			);
			buildRules = (
			);
			dependencies = (
			);
			name = ibook1.0;
			productName = ibook1.0;
			productReference = 22419A241BD383BE00235CBD /* ibook1.0.app */;
			productType = "com.apple.product-type.application";
		};
		22419A3C1BD383BE00235CBD /* ibook1.0Tests */ = {
			isa = PBXNativeTarget;
			buildConfigurationList = 22419A4A1BD383BE00235CBD /* Build configuration list for PBXNativeTarget "ibook1.0Tests" */;
			buildPhases = (
				22419A391BD383BE00235CBD /* Sources */,
				22419A3A1BD383BE00235CBD /* Frameworks */,
				22419A3B1BD383BE00235CBD /* Resources */,
			);
			buildRules = (
			);
			dependencies = (
				22419A3F1BD383BE00235CBD /* PBXTargetDependency */,
			);
			name = ibook1.0Tests;
			productName = ibook1.0Tests;
			productReference = 22419A3D1BD383BE00235CBD /* ibook1.0Tests.xctest */;
			productType = "com.apple.product-type.bundle.unit-test";
		};
/* End PBXNativeTarget section */

/* Begin PBXProject section */
		22419A1C1BD383BE00235CBD /* Project object */ = {
			isa = PBXProject;
			attributes = {
				LastUpgradeCheck = 0620;
				ORGANIZATIONNAME = liuxiang;
				TargetAttributes = {
					22419A231BD383BE00235CBD = {
						CreatedOnToolsVersion = 6.2;
					};
					22419A3C1BD383BE00235CBD = {
						CreatedOnToolsVersion = 6.2;
						TestTargetID = 22419A231BD383BE00235CBD;
					};
				};
			};
			buildConfigurationList = 22419A1F1BD383BE00235CBD /* Build configuration list for PBXProject "ibook1.0" */;
			compatibilityVersion = "Xcode 3.2";
			developmentRegion = English;
			hasScannedForEncodings = 0;
			knownRegions = (
				en,
				Base,
			);
			mainGroup = 22419A1B1BD383BE00235CBD;
			productRefGroup = 22419A251BD383BE00235CBD /* Products */;
			projectDirPath = "";
			projectRoot = "";
			targets = (
				22419A231BD383BE00235CBD /* ibook1.0 */,
				22419A3C1BD383BE00235CBD /* ibook1.0Tests */,
			);
		};
/* End PBXProject section */

/* Begin PBXResourcesBuildPhase section */
		22419A221BD383BE00235CBD /* Resources */ = {
			isa = PBXResourcesBuildPhase;
			buildActionMask = 2147483647;
			files = (
				22419AAD1BD3881B00235CBD /* avatar_me.png in Resources */,
				22419AC41BD3881B00235CBD /* ic_send_normal.png in Resources */,
				22419AC61BD3881B00235CBD /* ic_send_white.png in Resources */,
				22419AB11BD3881B00235CBD /* card_img.jpg in Resources */,
				22938D5E1BD4935800A58B9C /* registeredVC.xib in Resources */,
				22419AC31BD3881B00235CBD /* ic_send_aty.png in Resources */,
				22419AB21BD3881B00235CBD /* divider.png in Resources */,
				22419AC91BD3881B00235CBD /* img_change_book.jpg in Resources */,
				22419AAB1BD3881B00235CBD /* avatar_default.png in Resources */,
				22419A651BD3852300235CBD /* tabbar_discover.png in Resources */,
				22419AD31BD3881B00235CBD /* user_icon.png in Resources */,
				22938D031BD48AFE00A58B9C /* HaveLoginVC.xib in Resources */,
				22938CFE1BD489E400A58B9C /* NotLoginVC.xib in Resources */,
				22419AB31BD3881B00235CBD /* ic_about.png in Resources */,
				22419AAC1BD3881B00235CBD /* avatar_default_add.png in Resources */,
				22419A661BD3852300235CBD /* tabbar_discover_highlighted.png in Resources */,
				22419A691BD3852300235CBD /* nav_bg.png in Resources */,
				22419A331BD383BE00235CBD /* Main.storyboard in Resources */,
				22419AAF1BD3881B00235CBD /* bg_bottom.png in Resources */,
				22419AB91BD3881B00235CBD /* ic_commit_normal.png in Resources */,
				22419ABF1BD3881B00235CBD /* ic_location.png in Resources */,
				22419ABE1BD3881B00235CBD /* ic_left.png in Resources */,
				22419ABA1BD3881B00235CBD /* ic_edit.png in Resources */,
				22419AD11BD3881B00235CBD /* main_nav_bg.png in Resources */,
				22419A681BD3852300235CBD /* tab_bg_pressed.png in Resources */,
				22419AB71BD3881B00235CBD /* ic_aty_publish.png in Resources */,
				22419A381BD383BE00235CBD /* LaunchScreen.xib in Resources */,
				22419AB51BD3881B00235CBD /* ic_aty_apply.png in Resources */,
				22419ABC1BD3881B00235CBD /* ic_exit.png in Resources */,
				22419AC21BD3881B00235CBD /* ic_ok.png in Resources */,
				22419AB81BD3881B00235CBD /* ic_cancel.png in Resources */,
				22419ABD1BD3881B00235CBD /* ic_launcher.png in Resources */,
				22419ABB1BD3881B00235CBD /* ic_end_aty.png in Resources */,
				22419AB41BD3881B00235CBD /* ic_apply_aty.png in Resources */,
				22419ACF1BD3881B00235CBD /* left_bg_.png in Resources */,
				22A867D21BD73BAA0085AACB /* schools.plist in Resources */,
				22419A6A1BD3852300235CBD /* ToggleMenu.png in Resources */,
				22938D451BD48D0E00A58B9C /* MBProgressHUD.bundle in Resources */,
				22419A671BD3852300235CBD /* tab_bg.png in Resources */,
				22419AC81BD3881B00235CBD /* ic_span_list.png in Resources */,
				22419A351BD383BE00235CBD /* Images.xcassets in Resources */,
				22419AAE1BD3881B00235CBD /* avatar_user_icon.png in Resources */,
				22419ACA1BD3881B00235CBD /* img_find_friend.jpg in Resources */,
				22419AC01BD3881B00235CBD /* ic_logo.png in Resources */,
				22419ACC1BD3881B00235CBD /* img_request_book.jpg in Resources */,
				22E5F83E1BD50CF1003120BC /* registerView2.xib in Resources */,
				22419ACD1BD3881B00235CBD /* img_request_lesson.jpg in Resources */,
				22419AD01BD3881B00235CBD /* logo_login.png in Resources */,
				22419AD21BD3881B00235CBD /* nav_bg.png in Resources */,
				22E5F8331BD50C49003120BC /* registerView1.xib in Resources */,
				22419AB61BD3881B00235CBD /* ic_aty_end.png in Resources */,
				22419AC51BD3881B00235CBD /* ic_send_press.png in Resources */,
				22419AC11BD3881B00235CBD /* ic_menu.png in Resources */,
				22E5F8401BD50CFB003120BC /* registerView3.xib in Resources */,
				22419ACB1BD3881B00235CBD /* img_read.jpg in Resources */,
				22419ACE1BD3881B00235CBD /* img_study.jpg in Resources */,
				22419AC71BD3881B00235CBD /* ic_setting.png in Resources */,
				22AA88AB1BDC809400FAD31F /* PersonDataVC.xib in Resources */,
				22419AB01BD3881B00235CBD /* bg_guide_bottom.png in Resources */,
			);
			runOnlyForDeploymentPostprocessing = 0;
		};
		22419A3B1BD383BE00235CBD /* Resources */ = {
			isa = PBXResourcesBuildPhase;
			buildActionMask = 2147483647;
			files = (
			);
			runOnlyForDeploymentPostprocessing = 0;
		};
/* End PBXResourcesBuildPhase section */

/* Begin PBXShellScriptBuildPhase section */
		B604DCD8A242A4BBCD35AF06 /* Copy Pods Resources */ = {
			isa = PBXShellScriptBuildPhase;
			buildActionMask = 2147483647;
			files = (
			);
			inputPaths = (
			);
			name = "Copy Pods Resources";
			outputPaths = (
			);
			runOnlyForDeploymentPostprocessing = 0;
			shellPath = /bin/sh;
			shellScript = "\"${SRCROOT}/Pods/Target Support Files/Pods/Pods-resources.sh\"\n";
			showEnvVarsInLog = 0;
		};
		E69A1CCD7CD053604CBDCB27 /* Embed Pods Frameworks */ = {
			isa = PBXShellScriptBuildPhase;
			buildActionMask = 2147483647;
			files = (
			);
			inputPaths = (
			);
			name = "Embed Pods Frameworks";
			outputPaths = (
			);
			runOnlyForDeploymentPostprocessing = 0;
			shellPath = /bin/sh;
			shellScript = "\"${SRCROOT}/Pods/Target Support Files/Pods/Pods-frameworks.sh\"\n";
			showEnvVarsInLog = 0;
		};
		FA16B03DA7CB342E79AF0919 /* Check Pods Manifest.lock */ = {
			isa = PBXShellScriptBuildPhase;
			buildActionMask = 2147483647;
			files = (
			);
			inputPaths = (
			);
			name = "Check Pods Manifest.lock";
			outputPaths = (
			);
			runOnlyForDeploymentPostprocessing = 0;
			shellPath = /bin/sh;
			shellScript = "diff \"${PODS_ROOT}/../Podfile.lock\" \"${PODS_ROOT}/Manifest.lock\" > /dev/null\nif [[ $? != 0 ]] ; then\n    cat << EOM\nerror: The sandbox is not in sync with the Podfile.lock. Run 'pod install' or update your CocoaPods installation.\nEOM\n    exit 1\nfi\n";
			showEnvVarsInLog = 0;
		};
/* End PBXShellScriptBuildPhase section */

/* Begin PBXSourcesBuildPhase section */
		22419A201BD383BE00235CBD /* Sources */ = {
			isa = PBXSourcesBuildPhase;
			buildActionMask = 2147483647;
			files = (
				229C596E1BD47A2F005BDB8A /* UIImage+Extension.m in Sources */,
				22AA88A11BDC682F00FAD31F /* UIView+WebCacheOperation.m in Sources */,
				22054E1E1BD38F7100C066F8 /* LaunchScreen.m in Sources */,
				22AA88A01BDC682F00FAD31F /* UIImageView+WebCache.m in Sources */,
				22E5F8361BD50CBA003120BC /* registerView1.m in Sources */,
				22419A6E1BD3854100235CBD /* DHSlideMenuController.m in Sources */,
				22AA88931BDC682F00FAD31F /* NSData+ImageContentType.m in Sources */,
				22E5F8391BD50CD0003120BC /* registerView2.m in Sources */,
				22E5F83C1BD50CDC003120BC /* registerView3.m in Sources */,
				22AA889B1BDC682F00FAD31F /* UIButton+WebCache.m in Sources */,
				22AA889A1BDC682F00FAD31F /* SDWebImagePrefetcher.m in Sources */,
				229D61B21BD9EFD0002654AE /* iBookUser.m in Sources */,
				22419A5A1BD384FC00235CBD /* NavOneController.m in Sources */,
				22AA88AA1BDC809400FAD31F /* PersonDataVC.m in Sources */,
				22938D5D1BD4935800A58B9C /* registeredVC.m in Sources */,
				22AA889F1BDC682F00FAD31F /* UIImageView+HighlightedWebCache.m in Sources */,
				22419A741BD3855B00235CBD /* DHTabBarViewController.m in Sources */,
				22419A7E1BD3858000235CBD /* DHLandscapeTableView.m in Sources */,
				22AA88991BDC682F00FAD31F /* SDWebImageManager.m in Sources */,
				226D38B81BD52B090019B4AB /* UIImage+MJ.m in Sources */,
				22938D461BD48D0E00A58B9C /* MBProgressHUD.m in Sources */,
				22938D021BD48AFE00A58B9C /* HaveLoginVC.m in Sources */,
				22AA889C1BDC682F00FAD31F /* UIImage+GIF.m in Sources */,
				22419A301BD383BE00235CBD /* ViewController.m in Sources */,
				22419A5B1BD384FC00235CBD /* NavParentController.m in Sources */,
				22419A2D1BD383BE00235CBD /* AppDelegate.m in Sources */,
				22AA889D1BDC682F00FAD31F /* UIImage+MultiFormat.m in Sources */,
				22AA88981BDC682F00FAD31F /* SDWebImageDownloaderOperation.m in Sources */,
				22419A751BD3855B00235CBD /* ParentCellViewController.m in Sources */,
				22938CFD1BD489E400A58B9C /* NotLoginVC.m in Sources */,
				22419A5C1BD384FC00235CBD /* NavThreeController.m in Sources */,
				22419A2A1BD383BE00235CBD /* main.m in Sources */,
				22AA88961BDC682F00FAD31F /* SDWebImageDecoder.m in Sources */,
				22AA889E1BDC682F00FAD31F /* UIImage+WebP.m in Sources */,
				22AA88951BDC682F00FAD31F /* SDWebImageCompat.m in Sources */,
				22419A7D1BD3858000235CBD /* DHLandscapeMenuScrollView.m in Sources */,
				22938D441BD48D0E00A58B9C /* MBProgressHUD+MJ.m in Sources */,
				22AA88971BDC682F00FAD31F /* SDWebImageDownloader.m in Sources */,
				22AA88921BDC682F00FAD31F /* MKAnnotationView+WebCache.m in Sources */,
				22419A5D1BD384FC00235CBD /* NavTwoController.m in Sources */,
				22419A7F1BD3858000235CBD /* DHMenuPagerViewController.m in Sources */,
				22AA88941BDC682F00FAD31F /* SDImageCache.m in Sources */,
			);
			runOnlyForDeploymentPostprocessing = 0;
		};
		22419A391BD383BE00235CBD /* Sources */ = {
			isa = PBXSourcesBuildPhase;
			buildActionMask = 2147483647;
			files = (
				22419A441BD383BE00235CBD /* ibook1_0Tests.m in Sources */,
			);
			runOnlyForDeploymentPostprocessing = 0;
		};
/* End PBXSourcesBuildPhase section */

/* Begin PBXTargetDependency section */
		22419A3F1BD383BE00235CBD /* PBXTargetDependency */ = {
			isa = PBXTargetDependency;
			target = 22419A231BD383BE00235CBD /* ibook1.0 */;
			targetProxy = 22419A3E1BD383BE00235CBD /* PBXContainerItemProxy */;
		};
/* End PBXTargetDependency section */

/* Begin PBXVariantGroup section */
		22419A311BD383BE00235CBD /* Main.storyboard */ = {
			isa = PBXVariantGroup;
			children = (
				22419A321BD383BE00235CBD /* Base */,
			);
			name = Main.storyboard;
			sourceTree = "<group>";
		};
		22419A361BD383BE00235CBD /* LaunchScreen.xib */ = {
			isa = PBXVariantGroup;
			children = (
				22419A371BD383BE00235CBD /* Base */,
			);
			name = LaunchScreen.xib;
			sourceTree = "<group>";
		};
/* End PBXVariantGroup section */

/* Begin XCBuildConfiguration section */
		22419A451BD383BE00235CBD /* Debug */ = {
			isa = XCBuildConfiguration;
			buildSettings = {
				ALWAYS_SEARCH_USER_PATHS = NO;
				CLANG_CXX_LANGUAGE_STANDARD = "gnu++0x";
				CLANG_CXX_LIBRARY = "libc++";
				CLANG_ENABLE_MODULES = YES;
				CLANG_ENABLE_OBJC_ARC = YES;
				CLANG_WARN_BOOL_CONVERSION = YES;
				CLANG_WARN_CONSTANT_CONVERSION = YES;
				CLANG_WARN_DIRECT_OBJC_ISA_USAGE = YES_ERROR;
				CLANG_WARN_EMPTY_BODY = YES;
				CLANG_WARN_ENUM_CONVERSION = YES;
				CLANG_WARN_INT_CONVERSION = YES;
				CLANG_WARN_OBJC_ROOT_CLASS = YES_ERROR;
				CLANG_WARN_UNREACHABLE_CODE = YES;
				CLANG_WARN__DUPLICATE_METHOD_MATCH = YES;
				"CODE_SIGN_IDENTITY[sdk=iphoneos*]" = "iPhone Developer";
				COPY_PHASE_STRIP = NO;
				ENABLE_STRICT_OBJC_MSGSEND = YES;
				GCC_C_LANGUAGE_STANDARD = gnu99;
				GCC_DYNAMIC_NO_PIC = NO;
				GCC_OPTIMIZATION_LEVEL = 0;
				GCC_PREPROCESSOR_DEFINITIONS = (
					"DEBUG=1",
					"$(inherited)",
				);
				GCC_SYMBOLS_PRIVATE_EXTERN = NO;
				GCC_WARN_64_TO_32_BIT_CONVERSION = YES;
				GCC_WARN_ABOUT_RETURN_TYPE = YES_ERROR;
				GCC_WARN_UNDECLARED_SELECTOR = YES;
				GCC_WARN_UNINITIALIZED_AUTOS = YES_AGGRESSIVE;
				GCC_WARN_UNUSED_FUNCTION = YES;
				GCC_WARN_UNUSED_VARIABLE = YES;
				IPHONEOS_DEPLOYMENT_TARGET = 8.2;
				MTL_ENABLE_DEBUG_INFO = YES;
				ONLY_ACTIVE_ARCH = YES;
				SDKROOT = iphoneos;
			};
			name = Debug;
		};
		22419A461BD383BE00235CBD /* Release */ = {
			isa = XCBuildConfiguration;
			buildSettings = {
				ALWAYS_SEARCH_USER_PATHS = NO;
				CLANG_CXX_LANGUAGE_STANDARD = "gnu++0x";
				CLANG_CXX_LIBRARY = "libc++";
				CLANG_ENABLE_MODULES = YES;
				CLANG_ENABLE_OBJC_ARC = YES;
				CLANG_WARN_BOOL_CONVERSION = YES;
				CLANG_WARN_CONSTANT_CONVERSION = YES;
				CLANG_WARN_DIRECT_OBJC_ISA_USAGE = YES_ERROR;
				CLANG_WARN_EMPTY_BODY = YES;
				CLANG_WARN_ENUM_CONVERSION = YES;
				CLANG_WARN_INT_CONVERSION = YES;
				CLANG_WARN_OBJC_ROOT_CLASS = YES_ERROR;
				CLANG_WARN_UNREACHABLE_CODE = YES;
				CLANG_WARN__DUPLICATE_METHOD_MATCH = YES;
				"CODE_SIGN_IDENTITY[sdk=iphoneos*]" = "iPhone Developer";
				COPY_PHASE_STRIP = NO;
				ENABLE_NS_ASSERTIONS = NO;
				ENABLE_STRICT_OBJC_MSGSEND = YES;
				GCC_C_LANGUAGE_STANDARD = gnu99;
				GCC_WARN_64_TO_32_BIT_CONVERSION = YES;
				GCC_WARN_ABOUT_RETURN_TYPE = YES_ERROR;
				GCC_WARN_UNDECLARED_SELECTOR = YES;
				GCC_WARN_UNINITIALIZED_AUTOS = YES_AGGRESSIVE;
				GCC_WARN_UNUSED_FUNCTION = YES;
				GCC_WARN_UNUSED_VARIABLE = YES;
				IPHONEOS_DEPLOYMENT_TARGET = 8.2;
				MTL_ENABLE_DEBUG_INFO = NO;
				SDKROOT = iphoneos;
				VALIDATE_PRODUCT = YES;
			};
			name = Release;
		};
		22419A481BD383BE00235CBD /* Debug */ = {
			isa = XCBuildConfiguration;
			baseConfigurationReference = D7F465446011BFDE6D2DB034 /* Pods.debug.xcconfig */;
			buildSettings = {
				ASSETCATALOG_COMPILER_APPICON_NAME = AppIcon;
				GCC_INCREASE_PRECOMPILED_HEADER_SHARING = NO;
				GCC_PRECOMPILE_PREFIX_HEADER = YES;
				GCC_PREFIX_HEADER = "$(SRCROOT)/ibook1.0/ibook-Prefix.pch";
				INFOPLIST_FILE = ibook1.0/Info.plist;
				LD_RUNPATH_SEARCH_PATHS = "$(inherited) @executable_path/Frameworks";
				PRODUCT_NAME = "$(TARGET_NAME)";
			};
			name = Debug;
		};
		22419A491BD383BE00235CBD /* Release */ = {
			isa = XCBuildConfiguration;
			baseConfigurationReference = 1AC1E3E8376C32B7CC6855C9 /* Pods.release.xcconfig */;
			buildSettings = {
				ASSETCATALOG_COMPILER_APPICON_NAME = AppIcon;
				GCC_INCREASE_PRECOMPILED_HEADER_SHARING = NO;
				GCC_PRECOMPILE_PREFIX_HEADER = YES;
				GCC_PREFIX_HEADER = "$(SRCROOT)/ibook1.0/ibook-Prefix.pch";
				INFOPLIST_FILE = ibook1.0/Info.plist;
				LD_RUNPATH_SEARCH_PATHS = "$(inherited) @executable_path/Frameworks";
				PRODUCT_NAME = "$(TARGET_NAME)";
			};
			name = Release;
		};
		22419A4B1BD383BE00235CBD /* Debug */ = {
			isa = XCBuildConfiguration;
			buildSettings = {
				BUNDLE_LOADER = "$(TEST_HOST)";
				FRAMEWORK_SEARCH_PATHS = (
					"$(SDKROOT)/Developer/Library/Frameworks",
					"$(inherited)",
				);
				GCC_PREPROCESSOR_DEFINITIONS = (
					"DEBUG=1",
					"$(inherited)",
				);
				INFOPLIST_FILE = ibook1.0Tests/Info.plist;
				LD_RUNPATH_SEARCH_PATHS = "$(inherited) @executable_path/Frameworks @loader_path/Frameworks";
				PRODUCT_NAME = "$(TARGET_NAME)";
				TEST_HOST = "$(BUILT_PRODUCTS_DIR)/ibook1.0.app/ibook1.0";
			};
			name = Debug;
		};
		22419A4C1BD383BE00235CBD /* Release */ = {
			isa = XCBuildConfiguration;
			buildSettings = {
				BUNDLE_LOADER = "$(TEST_HOST)";
				FRAMEWORK_SEARCH_PATHS = (
					"$(SDKROOT)/Developer/Library/Frameworks",
					"$(inherited)",
				);
				INFOPLIST_FILE = ibook1.0Tests/Info.plist;
				LD_RUNPATH_SEARCH_PATHS = "$(inherited) @executable_path/Frameworks @loader_path/Frameworks";
				PRODUCT_NAME = "$(TARGET_NAME)";
				TEST_HOST = "$(BUILT_PRODUCTS_DIR)/ibook1.0.app/ibook1.0";
			};
			name = Release;
		};
/* End XCBuildConfiguration section */

/* Begin XCConfigurationList section */
		22419A1F1BD383BE00235CBD /* Build configuration list for PBXProject "ibook1.0" */ = {
			isa = XCConfigurationList;
			buildConfigurations = (
				22419A451BD383BE00235CBD /* Debug */,
				22419A461BD383BE00235CBD /* Release */,
			);
			defaultConfigurationIsVisible = 0;
			defaultConfigurationName = Release;
		};
		22419A471BD383BE00235CBD /* Build configuration list for PBXNativeTarget "ibook1.0" */ = {
			isa = XCConfigurationList;
			buildConfigurations = (
				22419A481BD383BE00235CBD /* Debug */,
				22419A491BD383BE00235CBD /* Release */,
			);
			defaultConfigurationIsVisible = 0;
			defaultConfigurationName = Release;
		};
		22419A4A1BD383BE00235CBD /* Build configuration list for PBXNativeTarget "ibook1.0Tests" */ = {
			isa = XCConfigurationList;
			buildConfigurations = (
				22419A4B1BD383BE00235CBD /* Debug */,
				22419A4C1BD383BE00235CBD /* Release */,
			);
			defaultConfigurationIsVisible = 0;
			defaultConfigurationName = Release;
		};
/* End XCConfigurationList section */
	};
	rootObject = 22419A1C1BD383BE00235CBD /* Project object */;
}
